// !$*UTF8*$!
{
	archiveVersion = 1;
	classes = {
	};
	objectVersion = 50;
	objects = {

/* Begin PBXBuildFile section */
		097A0E98CE1990A77684DD20 /* Pods_payconiq.framework in Frameworks */ = {isa = PBXBuildFile; fileRef = E51FD2E219D4865F9E3F5E0F /* Pods_payconiq.framework */; };
		35E6BC8AF6FB82F6484CCA2F /* Pods_payconiqUITests.framework in Frameworks */ = {isa = PBXBuildFile; fileRef = 29B02C34184AABC699E5A582 /* Pods_payconiqUITests.framework */; };
		4B52CFAE6E4EF47A31D95E64 /* Pods_payconiqTests.framework in Frameworks */ = {isa = PBXBuildFile; fileRef = DFB1E1469DAAE1622ABD4C17 /* Pods_payconiqTests.framework */; };
		735004DF21AEBA85004E0CAC /* AppDelegate.swift in Sources */ = {isa = PBXBuildFile; fileRef = 735004DE21AEBA85004E0CAC /* AppDelegate.swift */; };
		735004E621AEBA8B004E0CAC /* Assets.xcassets in Resources */ = {isa = PBXBuildFile; fileRef = 735004E521AEBA8B004E0CAC /* Assets.xcassets */; };
		735004E921AEBA8B004E0CAC /* LaunchScreen.storyboard in Resources */ = {isa = PBXBuildFile; fileRef = 735004E721AEBA8B004E0CAC /* LaunchScreen.storyboard */; };
		735004FF21AEBA8B004E0CAC /* payconiqUITests.swift in Sources */ = {isa = PBXBuildFile; fileRef = 735004FE21AEBA8B004E0CAC /* payconiqUITests.swift */; };
		7350051121AEC9C6004E0CAC /* Main.storyboard in Resources */ = {isa = PBXBuildFile; fileRef = 7350051021AEC9C6004E0CAC /* Main.storyboard */; };
		7350051321AECA34004E0CAC /* ListTransactionsViewController.swift in Sources */ = {isa = PBXBuildFile; fileRef = 7350051221AECA34004E0CAC /* ListTransactionsViewController.swift */; };
		7350051621AEEABE004E0CAC /* ListTransactionsViewModel.swift in Sources */ = {isa = PBXBuildFile; fileRef = 7350051521AEEABE004E0CAC /* ListTransactionsViewModel.swift */; };
		7350051821AEEAFC004E0CAC /* NetworkFetchable.swift in Sources */ = {isa = PBXBuildFile; fileRef = 7350051721AEEAFC004E0CAC /* NetworkFetchable.swift */; };
		7350051B21AEEB56004E0CAC /* NetworkConstants.swift in Sources */ = {isa = PBXBuildFile; fileRef = 7350051A21AEEB56004E0CAC /* NetworkConstants.swift */; };
		7350051D21AEEC2F004E0CAC /* ErrorMessagesConstants.swift in Sources */ = {isa = PBXBuildFile; fileRef = 7350051C21AEEC2F004E0CAC /* ErrorMessagesConstants.swift */; };
		7350052221AF0831004E0CAC /* Transaction.swift in Sources */ = {isa = PBXBuildFile; fileRef = 7350052121AF0831004E0CAC /* Transaction.swift */; };
		735E469D21B43C80006AAA74 /* MapViewController.swift in Sources */ = {isa = PBXBuildFile; fileRef = 735E469C21B43C80006AAA74 /* MapViewController.swift */; };
		735E469F21B51FF2006AAA74 /* MapViewModel.swift in Sources */ = {isa = PBXBuildFile; fileRef = 735E469E21B51FF2006AAA74 /* MapViewModel.swift */; };
		735E46A321B551D9006AAA74 /* UIStoryboard+Extension.swift in Sources */ = {isa = PBXBuildFile; fileRef = 735E46A221B551D9006AAA74 /* UIStoryboard+Extension.swift */; };
		735E46A521B595B7006AAA74 /* StoryboardConstants.swift in Sources */ = {isa = PBXBuildFile; fileRef = 735E46A421B595B7006AAA74 /* StoryboardConstants.swift */; };
		735E46A721B5B42A006AAA74 /* LIstTransactionTests.swift in Sources */ = {isa = PBXBuildFile; fileRef = 735E46A621B5B42A006AAA74 /* LIstTransactionTests.swift */; };
		735E46AA21B670A6006AAA74 /* transactions.json in Resources */ = {isa = PBXBuildFile; fileRef = 735E46A921B670A6006AAA74 /* transactions.json */; };
		735E46AC21B67FBE006AAA74 /* UserDetailTests.swift in Sources */ = {isa = PBXBuildFile; fileRef = 735E46AB21B67FBD006AAA74 /* UserDetailTests.swift */; };
		73D3583921B29AD000573D26 /* UserDetailsViewController.swift in Sources */ = {isa = PBXBuildFile; fileRef = 73D3583821B29AD000573D26 /* UserDetailsViewController.swift */; };
		73D3583D21B29F5E00573D26 /* UserDetailViewModel.swift in Sources */ = {isa = PBXBuildFile; fileRef = 73D3583C21B29F5E00573D26 /* UserDetailViewModel.swift */; };
		73D3584021B29F8D00573D26 /* User.swift in Sources */ = {isa = PBXBuildFile; fileRef = 73D3583F21B29F8D00573D26 /* User.swift */; };
		73D3584221B2B9B000573D26 /* Date+Extensions.swift in Sources */ = {isa = PBXBuildFile; fileRef = 73D3584121B2B9B000573D26 /* Date+Extensions.swift */; };
		73D3584421B3FCD800573D26 /* ListTransactionExpandedTableViewCell.swift in Sources */ = {isa = PBXBuildFile; fileRef = 73D3584321B3FCD800573D26 /* ListTransactionExpandedTableViewCell.swift */; };
		73D7390821B055FD00D34993 /* AlertDisplayable.swift in Sources */ = {isa = PBXBuildFile; fileRef = 73D7390721B055FD00D34993 /* AlertDisplayable.swift */; };
		73D7390B21B05B3300D34993 /* String+Extensions.swift in Sources */ = {isa = PBXBuildFile; fileRef = 73D7390A21B05B3300D34993 /* String+Extensions.swift */; };
		73D7390F21B138C300D34993 /* ListTransactionTableViewCell.swift in Sources */ = {isa = PBXBuildFile; fileRef = 73D7390E21B138C300D34993 /* ListTransactionTableViewCell.swift */; };
		73D7391221B156BF00D34993 /* MapKitSnapshotImage.swift in Sources */ = {isa = PBXBuildFile; fileRef = 73D7391121B156BF00D34993 /* MapKitSnapshotImage.swift */; };
		73D7391521B1690200D34993 /* PayconiqUtilities.swift in Sources */ = {isa = PBXBuildFile; fileRef = 73D7391421B1690200D34993 /* PayconiqUtilities.swift */; };
		73D7391721B16C4600D34993 /* README.md in Resources */ = {isa = PBXBuildFile; fileRef = 73D7391621B16C4600D34993 /* README.md */; };
		73D7391B21B174FF00D34993 /* ColorConstants.swift in Sources */ = {isa = PBXBuildFile; fileRef = 73D7391A21B174FF00D34993 /* ColorConstants.swift */; };
/* End PBXBuildFile section */

/* Begin PBXContainerItemProxy section */
		735004F021AEBA8B004E0CAC /* PBXContainerItemProxy */ = {
			isa = PBXContainerItemProxy;
			containerPortal = 735004D321AEBA84004E0CAC /* Project object */;
			proxyType = 1;
			remoteGlobalIDString = 735004DA21AEBA85004E0CAC;
			remoteInfo = payconiq;
		};
		735004FB21AEBA8B004E0CAC /* PBXContainerItemProxy */ = {
			isa = PBXContainerItemProxy;
			containerPortal = 735004D321AEBA84004E0CAC /* Project object */;
			proxyType = 1;
			remoteGlobalIDString = 735004DA21AEBA85004E0CAC;
			remoteInfo = payconiq;
		};
/* End PBXContainerItemProxy section */

/* Begin PBXFileReference section */
		29B02C34184AABC699E5A582 /* Pods_payconiqUITests.framework */ = {isa = PBXFileReference; explicitFileType = wrapper.framework; includeInIndex = 0; path = Pods_payconiqUITests.framework; sourceTree = BUILT_PRODUCTS_DIR; };
		5F78DD5654DAD2E1512E06D4 /* Pods-payconiqUITests.debug.xcconfig */ = {isa = PBXFileReference; includeInIndex = 1; lastKnownFileType = text.xcconfig; name = "Pods-payconiqUITests.debug.xcconfig"; path = "Pods/Target Support Files/Pods-payconiqUITests/Pods-payconiqUITests.debug.xcconfig"; sourceTree = "<group>"; };
		735004DB21AEBA85004E0CAC /* payconiq.app */ = {isa = PBXFileReference; explicitFileType = wrapper.application; includeInIndex = 0; path = payconiq.app; sourceTree = BUILT_PRODUCTS_DIR; };
		735004DE21AEBA85004E0CAC /* AppDelegate.swift */ = {isa = PBXFileReference; lastKnownFileType = sourcecode.swift; path = AppDelegate.swift; sourceTree = "<group>"; };
		735004E521AEBA8B004E0CAC /* Assets.xcassets */ = {isa = PBXFileReference; lastKnownFileType = folder.assetcatalog; path = Assets.xcassets; sourceTree = "<group>"; };
		735004E821AEBA8B004E0CAC /* Base */ = {isa = PBXFileReference; lastKnownFileType = file.storyboard; name = Base; path = Base.lproj/LaunchScreen.storyboard; sourceTree = "<group>"; };
		735004EA21AEBA8B004E0CAC /* Info.plist */ = {isa = PBXFileReference; lastKnownFileType = text.plist.xml; path = Info.plist; sourceTree = "<group>"; };
		735004EF21AEBA8B004E0CAC /* payconiqTests.xctest */ = {isa = PBXFileReference; explicitFileType = wrapper.cfbundle; includeInIndex = 0; path = payconiqTests.xctest; sourceTree = BUILT_PRODUCTS_DIR; };
		735004F521AEBA8B004E0CAC /* Info.plist */ = {isa = PBXFileReference; lastKnownFileType = text.plist.xml; path = Info.plist; sourceTree = "<group>"; };
		735004FA21AEBA8B004E0CAC /* payconiqUITests.xctest */ = {isa = PBXFileReference; explicitFileType = wrapper.cfbundle; includeInIndex = 0; path = payconiqUITests.xctest; sourceTree = BUILT_PRODUCTS_DIR; };
		735004FE21AEBA8B004E0CAC /* payconiqUITests.swift */ = {isa = PBXFileReference; lastKnownFileType = sourcecode.swift; path = payconiqUITests.swift; sourceTree = "<group>"; };
		7350050021AEBA8B004E0CAC /* Info.plist */ = {isa = PBXFileReference; lastKnownFileType = text.plist.xml; path = Info.plist; sourceTree = "<group>"; };
		7350051021AEC9C6004E0CAC /* Main.storyboard */ = {isa = PBXFileReference; lastKnownFileType = file.storyboard; path = Main.storyboard; sourceTree = "<group>"; };
		7350051221AECA34004E0CAC /* ListTransactionsViewController.swift */ = {isa = PBXFileReference; lastKnownFileType = sourcecode.swift; path = ListTransactionsViewController.swift; sourceTree = "<group>"; };
		7350051521AEEABE004E0CAC /* ListTransactionsViewModel.swift */ = {isa = PBXFileReference; lastKnownFileType = sourcecode.swift; path = ListTransactionsViewModel.swift; sourceTree = "<group>"; };
		7350051721AEEAFC004E0CAC /* NetworkFetchable.swift */ = {isa = PBXFileReference; lastKnownFileType = sourcecode.swift; path = NetworkFetchable.swift; sourceTree = "<group>"; };
		7350051A21AEEB56004E0CAC /* NetworkConstants.swift */ = {isa = PBXFileReference; lastKnownFileType = sourcecode.swift; path = NetworkConstants.swift; sourceTree = "<group>"; };
		7350051C21AEEC2F004E0CAC /* ErrorMessagesConstants.swift */ = {isa = PBXFileReference; lastKnownFileType = sourcecode.swift; path = ErrorMessagesConstants.swift; sourceTree = "<group>"; };
		7350052121AF0831004E0CAC /* Transaction.swift */ = {isa = PBXFileReference; lastKnownFileType = sourcecode.swift; path = Transaction.swift; sourceTree = "<group>"; };
		735E469C21B43C80006AAA74 /* MapViewController.swift */ = {isa = PBXFileReference; lastKnownFileType = sourcecode.swift; path = MapViewController.swift; sourceTree = "<group>"; };
		735E469E21B51FF2006AAA74 /* MapViewModel.swift */ = {isa = PBXFileReference; lastKnownFileType = sourcecode.swift; path = MapViewModel.swift; sourceTree = "<group>"; };
		735E46A221B551D9006AAA74 /* UIStoryboard+Extension.swift */ = {isa = PBXFileReference; lastKnownFileType = sourcecode.swift; path = "UIStoryboard+Extension.swift"; sourceTree = "<group>"; };
		735E46A421B595B7006AAA74 /* StoryboardConstants.swift */ = {isa = PBXFileReference; lastKnownFileType = sourcecode.swift; path = StoryboardConstants.swift; sourceTree = "<group>"; };
		735E46A621B5B42A006AAA74 /* LIstTransactionTests.swift */ = {isa = PBXFileReference; lastKnownFileType = sourcecode.swift; path = LIstTransactionTests.swift; sourceTree = "<group>"; };
		735E46A921B670A6006AAA74 /* transactions.json */ = {isa = PBXFileReference; fileEncoding = 4; lastKnownFileType = text.json; path = transactions.json; sourceTree = "<group>"; };
		735E46AB21B67FBD006AAA74 /* UserDetailTests.swift */ = {isa = PBXFileReference; lastKnownFileType = sourcecode.swift; path = UserDetailTests.swift; sourceTree = "<group>"; };
		73D3583821B29AD000573D26 /* UserDetailsViewController.swift */ = {isa = PBXFileReference; lastKnownFileType = sourcecode.swift; path = UserDetailsViewController.swift; sourceTree = "<group>"; };
		73D3583C21B29F5E00573D26 /* UserDetailViewModel.swift */ = {isa = PBXFileReference; lastKnownFileType = sourcecode.swift; path = UserDetailViewModel.swift; sourceTree = "<group>"; };
		73D3583F21B29F8D00573D26 /* User.swift */ = {isa = PBXFileReference; lastKnownFileType = sourcecode.swift; path = User.swift; sourceTree = "<group>"; };
		73D3584121B2B9B000573D26 /* Date+Extensions.swift */ = {isa = PBXFileReference; lastKnownFileType = sourcecode.swift; path = "Date+Extensions.swift"; sourceTree = "<group>"; };
		73D3584321B3FCD800573D26 /* ListTransactionExpandedTableViewCell.swift */ = {isa = PBXFileReference; lastKnownFileType = sourcecode.swift; path = ListTransactionExpandedTableViewCell.swift; sourceTree = "<group>"; };
		73D7390721B055FD00D34993 /* AlertDisplayable.swift */ = {isa = PBXFileReference; lastKnownFileType = sourcecode.swift; path = AlertDisplayable.swift; sourceTree = "<group>"; };
		73D7390A21B05B3300D34993 /* String+Extensions.swift */ = {isa = PBXFileReference; lastKnownFileType = sourcecode.swift; path = "String+Extensions.swift"; sourceTree = "<group>"; };
		73D7390E21B138C300D34993 /* ListTransactionTableViewCell.swift */ = {isa = PBXFileReference; lastKnownFileType = sourcecode.swift; path = ListTransactionTableViewCell.swift; sourceTree = "<group>"; };
		73D7391121B156BF00D34993 /* MapKitSnapshotImage.swift */ = {isa = PBXFileReference; lastKnownFileType = sourcecode.swift; path = MapKitSnapshotImage.swift; sourceTree = "<group>"; };
		73D7391421B1690200D34993 /* PayconiqUtilities.swift */ = {isa = PBXFileReference; lastKnownFileType = sourcecode.swift; path = PayconiqUtilities.swift; sourceTree = "<group>"; };
		73D7391621B16C4600D34993 /* README.md */ = {isa = PBXFileReference; fileEncoding = 4; lastKnownFileType = net.daringfireball.markdown; path = README.md; sourceTree = "<group>"; };
		73D7391A21B174FF00D34993 /* ColorConstants.swift */ = {isa = PBXFileReference; lastKnownFileType = sourcecode.swift; path = ColorConstants.swift; sourceTree = "<group>"; };
		89844470ACA34D129B060C0A /* Pods-payconiqUITests.release.xcconfig */ = {isa = PBXFileReference; includeInIndex = 1; lastKnownFileType = text.xcconfig; name = "Pods-payconiqUITests.release.xcconfig"; path = "Pods/Target Support Files/Pods-payconiqUITests/Pods-payconiqUITests.release.xcconfig"; sourceTree = "<group>"; };
		A961038B82F9EBEC56422548 /* Pods-payconiq.debug.xcconfig */ = {isa = PBXFileReference; includeInIndex = 1; lastKnownFileType = text.xcconfig; name = "Pods-payconiq.debug.xcconfig"; path = "Pods/Target Support Files/Pods-payconiq/Pods-payconiq.debug.xcconfig"; sourceTree = "<group>"; };
		AFCB6C80679E79E77F686EA6 /* Pods-payconiqTests.debug.xcconfig */ = {isa = PBXFileReference; includeInIndex = 1; lastKnownFileType = text.xcconfig; name = "Pods-payconiqTests.debug.xcconfig"; path = "Pods/Target Support Files/Pods-payconiqTests/Pods-payconiqTests.debug.xcconfig"; sourceTree = "<group>"; };
		BE387191F4B57E6C9576A6C5 /* Pods-payconiqTests.release.xcconfig */ = {isa = PBXFileReference; includeInIndex = 1; lastKnownFileType = text.xcconfig; name = "Pods-payconiqTests.release.xcconfig"; path = "Pods/Target Support Files/Pods-payconiqTests/Pods-payconiqTests.release.xcconfig"; sourceTree = "<group>"; };
		DFB1E1469DAAE1622ABD4C17 /* Pods_payconiqTests.framework */ = {isa = PBXFileReference; explicitFileType = wrapper.framework; includeInIndex = 0; path = Pods_payconiqTests.framework; sourceTree = BUILT_PRODUCTS_DIR; };
		E51FD2E219D4865F9E3F5E0F /* Pods_payconiq.framework */ = {isa = PBXFileReference; explicitFileType = wrapper.framework; includeInIndex = 0; path = Pods_payconiq.framework; sourceTree = BUILT_PRODUCTS_DIR; };
		E82A81EF2660443B0F828103 /* Pods-payconiq.release.xcconfig */ = {isa = PBXFileReference; includeInIndex = 1; lastKnownFileType = text.xcconfig; name = "Pods-payconiq.release.xcconfig"; path = "Pods/Target Support Files/Pods-payconiq/Pods-payconiq.release.xcconfig"; sourceTree = "<group>"; };
/* End PBXFileReference section */

/* Begin PBXFrameworksBuildPhase section */
		735004D821AEBA85004E0CAC /* Frameworks */ = {
			isa = PBXFrameworksBuildPhase;
			buildActionMask = 2147483647;
			files = (
				097A0E98CE1990A77684DD20 /* Pods_payconiq.framework in Frameworks */,
			);
			runOnlyForDeploymentPostprocessing = 0;
		};
		735004EC21AEBA8B004E0CAC /* Frameworks */ = {
			isa = PBXFrameworksBuildPhase;
			buildActionMask = 2147483647;
			files = (
				4B52CFAE6E4EF47A31D95E64 /* Pods_payconiqTests.framework in Frameworks */,
			);
			runOnlyForDeploymentPostprocessing = 0;
		};
		735004F721AEBA8B004E0CAC /* Frameworks */ = {
			isa = PBXFrameworksBuildPhase;
			buildActionMask = 2147483647;
			files = (
				35E6BC8AF6FB82F6484CCA2F /* Pods_payconiqUITests.framework in Frameworks */,
			);
			runOnlyForDeploymentPostprocessing = 0;
		};
/* End PBXFrameworksBuildPhase section */

/* Begin PBXGroup section */
		36F3445A12D2EE9D85727D29 /* Frameworks */ = {
			isa = PBXGroup;
			children = (
				E51FD2E219D4865F9E3F5E0F /* Pods_payconiq.framework */,
				DFB1E1469DAAE1622ABD4C17 /* Pods_payconiqTests.framework */,
				29B02C34184AABC699E5A582 /* Pods_payconiqUITests.framework */,
			);
			name = Frameworks;
			sourceTree = "<group>";
		};
		735004D221AEBA84004E0CAC = {
			isa = PBXGroup;
			children = (
				735004DD21AEBA85004E0CAC /* payconiq */,
				735004F221AEBA8B004E0CAC /* payconiqTests */,
				735004FD21AEBA8B004E0CAC /* payconiqUITests */,
				735004DC21AEBA85004E0CAC /* Products */,
				9528FCC8E7367DA414C02925 /* Pods */,
				36F3445A12D2EE9D85727D29 /* Frameworks */,
			);
			sourceTree = "<group>";
		};
		735004DC21AEBA85004E0CAC /* Products */ = {
			isa = PBXGroup;
			children = (
				735004DB21AEBA85004E0CAC /* payconiq.app */,
				735004EF21AEBA8B004E0CAC /* payconiqTests.xctest */,
				735004FA21AEBA8B004E0CAC /* payconiqUITests.xctest */,
			);
			name = Products;
			sourceTree = "<group>";
		};
		735004DD21AEBA85004E0CAC /* payconiq */ = {
			isa = PBXGroup;
			children = (
				73D7391621B16C4600D34993 /* README.md */,
				73D7391321B168EA00D34993 /* Utility */,
				73D7390921B05A1200D34993 /* Extensions */,
				7350051E21AEFEF2004E0CAC /* Protocols */,
				7350051921AEEB43004E0CAC /* Constants */,
				7350050C21AEBB21004E0CAC /* Modules */,
				7350051421AECA4A004E0CAC /* Storyboards */,
				735004DE21AEBA85004E0CAC /* AppDelegate.swift */,
				735004E521AEBA8B004E0CAC /* Assets.xcassets */,
				735004E721AEBA8B004E0CAC /* LaunchScreen.storyboard */,
				735004EA21AEBA8B004E0CAC /* Info.plist */,
			);
			path = payconiq;
			sourceTree = "<group>";
		};
		735004F221AEBA8B004E0CAC /* payconiqTests */ = {
			isa = PBXGroup;
			children = (
				735E46A821B67091006AAA74 /* Network Stubs */,
				735E46A621B5B42A006AAA74 /* LIstTransactionTests.swift */,
				735E46AB21B67FBD006AAA74 /* UserDetailTests.swift */,
				735004F521AEBA8B004E0CAC /* Info.plist */,
			);
			path = payconiqTests;
			sourceTree = "<group>";
		};
		735004FD21AEBA8B004E0CAC /* payconiqUITests */ = {
			isa = PBXGroup;
			children = (
				735004FE21AEBA8B004E0CAC /* payconiqUITests.swift */,
				7350050021AEBA8B004E0CAC /* Info.plist */,
			);
			path = payconiqUITests;
			sourceTree = "<group>";
		};
		7350050C21AEBB21004E0CAC /* Modules */ = {
			isa = PBXGroup;
			children = (
				7350050D21AEBB2B004E0CAC /* List Transactions */,
				73D3583721B29AA900573D26 /* UserDetails */,
				735E469B21B43C5F006AAA74 /* MapView */,
			);
			path = Modules;
			sourceTree = "<group>";
		};
		7350050D21AEBB2B004E0CAC /* List Transactions */ = {
			isa = PBXGroup;
			children = (
				73D7391021B1569700D34993 /* Extensions */,
				7350051F21AF0819004E0CAC /* Model */,
				7350052021AF081F004E0CAC /* ViewModel */,
				73D7390C21B0694400D34993 /* View */,
			);
			path = "List Transactions";
			sourceTree = "<group>";
		};
		7350051421AECA4A004E0CAC /* Storyboards */ = {
			isa = PBXGroup;
			children = (
				7350051021AEC9C6004E0CAC /* Main.storyboard */,
			);
			path = Storyboards;
			sourceTree = "<group>";
		};
		7350051921AEEB43004E0CAC /* Constants */ = {
			isa = PBXGroup;
			children = (
				735E46A421B595B7006AAA74 /* StoryboardConstants.swift */,
				7350051A21AEEB56004E0CAC /* NetworkConstants.swift */,
				7350051C21AEEC2F004E0CAC /* ErrorMessagesConstants.swift */,
				73D7391A21B174FF00D34993 /* ColorConstants.swift */,
			);
			path = Constants;
			sourceTree = "<group>";
		};
		7350051E21AEFEF2004E0CAC /* Protocols */ = {
			isa = PBXGroup;
			children = (
				7350051721AEEAFC004E0CAC /* NetworkFetchable.swift */,
				73D7390721B055FD00D34993 /* AlertDisplayable.swift */,
			);
			name = Protocols;
			path = Services;
			sourceTree = "<group>";
		};
		7350051F21AF0819004E0CAC /* Model */ = {
			isa = PBXGroup;
			children = (
				7350052121AF0831004E0CAC /* Transaction.swift */,
			);
			path = Model;
			sourceTree = "<group>";
		};
		7350052021AF081F004E0CAC /* ViewModel */ = {
			isa = PBXGroup;
			children = (
				7350051521AEEABE004E0CAC /* ListTransactionsViewModel.swift */,
			);
			path = ViewModel;
			sourceTree = "<group>";
		};
		735E469B21B43C5F006AAA74 /* MapView */ = {
			isa = PBXGroup;
			children = (
				735E46A021B51FF9006AAA74 /* View Model */,
				735E46A121B52001006AAA74 /* View */,
			);
			path = MapView;
			sourceTree = "<group>";
		};
		735E46A021B51FF9006AAA74 /* View Model */ = {
			isa = PBXGroup;
			children = (
				735E469E21B51FF2006AAA74 /* MapViewModel.swift */,
			);
			path = "View Model";
			sourceTree = "<group>";
		};
		735E46A121B52001006AAA74 /* View */ = {
			isa = PBXGroup;
			children = (
				735E469C21B43C80006AAA74 /* MapViewController.swift */,
			);
			path = View;
			sourceTree = "<group>";
		};
		735E46A821B67091006AAA74 /* Network Stubs */ = {
			isa = PBXGroup;
			children = (
				735E46A921B670A6006AAA74 /* transactions.json */,
			);
			path = "Network Stubs";
			sourceTree = "<group>";
		};
		73D3583721B29AA900573D26 /* UserDetails */ = {
			isa = PBXGroup;
			children = (
				73D3583E21B29F6D00573D26 /* Model */,
				73D3583B21B29F4400573D26 /* ViewModel */,
				73D3583A21B29F3600573D26 /* View */,
			);
			path = UserDetails;
			sourceTree = "<group>";
		};
		73D3583A21B29F3600573D26 /* View */ = {
			isa = PBXGroup;
			children = (
				73D3583821B29AD000573D26 /* UserDetailsViewController.swift */,
			);
			path = View;
			sourceTree = "<group>";
		};
		73D3583B21B29F4400573D26 /* ViewModel */ = {
			isa = PBXGroup;
			children = (
				73D3583C21B29F5E00573D26 /* UserDetailViewModel.swift */,
			);
			path = ViewModel;
			sourceTree = "<group>";
		};
		73D3583E21B29F6D00573D26 /* Model */ = {
			isa = PBXGroup;
			children = (
				73D3583F21B29F8D00573D26 /* User.swift */,
			);
			path = Model;
			sourceTree = "<group>";
		};
		73D7390921B05A1200D34993 /* Extensions */ = {
			isa = PBXGroup;
			children = (
				73D7390A21B05B3300D34993 /* String+Extensions.swift */,
				73D3584121B2B9B000573D26 /* Date+Extensions.swift */,
				735E46A221B551D9006AAA74 /* UIStoryboard+Extension.swift */,
			);
			path = Extensions;
			sourceTree = "<group>";
		};
		73D7390C21B0694400D34993 /* View */ = {
			isa = PBXGroup;
			children = (
				73D7390D21B1384600D34993 /* TableView Cell */,
				7350051221AECA34004E0CAC /* ListTransactionsViewController.swift */,
			);
			path = View;
			sourceTree = "<group>";
		};
		73D7390D21B1384600D34993 /* TableView Cell */ = {
			isa = PBXGroup;
			children = (
				73D7390E21B138C300D34993 /* ListTransactionTableViewCell.swift */,
				73D3584321B3FCD800573D26 /* ListTransactionExpandedTableViewCell.swift */,
			);
			path = "TableView Cell";
			sourceTree = "<group>";
		};
		73D7391021B1569700D34993 /* Extensions */ = {
			isa = PBXGroup;
			children = (
				73D7391121B156BF00D34993 /* MapKitSnapshotImage.swift */,
			);
			path = Extensions;
			sourceTree = "<group>";
		};
		73D7391321B168EA00D34993 /* Utility */ = {
			isa = PBXGroup;
			children = (
				73D7391421B1690200D34993 /* PayconiqUtilities.swift */,
			);
			path = Utility;
			sourceTree = "<group>";
		};
		9528FCC8E7367DA414C02925 /* Pods */ = {
			isa = PBXGroup;
			children = (
				A961038B82F9EBEC56422548 /* Pods-payconiq.debug.xcconfig */,
				E82A81EF2660443B0F828103 /* Pods-payconiq.release.xcconfig */,
				AFCB6C80679E79E77F686EA6 /* Pods-payconiqTests.debug.xcconfig */,
				BE387191F4B57E6C9576A6C5 /* Pods-payconiqTests.release.xcconfig */,
				5F78DD5654DAD2E1512E06D4 /* Pods-payconiqUITests.debug.xcconfig */,
				89844470ACA34D129B060C0A /* Pods-payconiqUITests.release.xcconfig */,
			);
			name = Pods;
			sourceTree = "<group>";
		};
/* End PBXGroup section */

/* Begin PBXNativeTarget section */
		735004DA21AEBA85004E0CAC /* payconiq */ = {
			isa = PBXNativeTarget;
			buildConfigurationList = 7350050321AEBA8B004E0CAC /* Build configuration list for PBXNativeTarget "payconiq" */;
			buildPhases = (
				D1065BCC41CD60D32EE5E814 /* [CP] Check Pods Manifest.lock */,
				735004D721AEBA85004E0CAC /* Sources */,
				735004D821AEBA85004E0CAC /* Frameworks */,
				735004D921AEBA85004E0CAC /* Resources */,
				C66AE21C71B28A67C44267CA /* [CP] Embed Pods Frameworks */,
			);
			buildRules = (
			);
			dependencies = (
			);
			name = payconiq;
			productName = payconiq;
			productReference = 735004DB21AEBA85004E0CAC /* payconiq.app */;
			productType = "com.apple.product-type.application";
		};
		735004EE21AEBA8B004E0CAC /* payconiqTests */ = {
			isa = PBXNativeTarget;
			buildConfigurationList = 7350050621AEBA8B004E0CAC /* Build configuration list for PBXNativeTarget "payconiqTests" */;
			buildPhases = (
				46E722518BFB6B85ADD027A3 /* [CP] Check Pods Manifest.lock */,
				735004EB21AEBA8B004E0CAC /* Sources */,
				735004EC21AEBA8B004E0CAC /* Frameworks */,
				735004ED21AEBA8B004E0CAC /* Resources */,
			);
			buildRules = (
			);
			dependencies = (
				735004F121AEBA8B004E0CAC /* PBXTargetDependency */,
			);
			name = payconiqTests;
			productName = payconiqTests;
			productReference = 735004EF21AEBA8B004E0CAC /* payconiqTests.xctest */;
			productType = "com.apple.product-type.bundle.unit-test";
		};
		735004F921AEBA8B004E0CAC /* payconiqUITests */ = {
			isa = PBXNativeTarget;
			buildConfigurationList = 7350050921AEBA8B004E0CAC /* Build configuration list for PBXNativeTarget "payconiqUITests" */;
			buildPhases = (
				3A5B1F685904425B352497D1 /* [CP] Check Pods Manifest.lock */,
				735004F621AEBA8B004E0CAC /* Sources */,
				735004F721AEBA8B004E0CAC /* Frameworks */,
				735004F821AEBA8B004E0CAC /* Resources */,
			);
			buildRules = (
			);
			dependencies = (
				735004FC21AEBA8B004E0CAC /* PBXTargetDependency */,
			);
			name = payconiqUITests;
			productName = payconiqUITests;
			productReference = 735004FA21AEBA8B004E0CAC /* payconiqUITests.xctest */;
			productType = "com.apple.product-type.bundle.ui-testing";
		};
/* End PBXNativeTarget section */

/* Begin PBXProject section */
		735004D321AEBA84004E0CAC /* Project object */ = {
			isa = PBXProject;
			attributes = {
				LastSwiftUpdateCheck = 1010;
				LastUpgradeCheck = 1010;
				ORGANIZATIONNAME = "Asif Junaid";
				TargetAttributes = {
					735004DA21AEBA85004E0CAC = {
						CreatedOnToolsVersion = 10.1;
					};
					735004EE21AEBA8B004E0CAC = {
						CreatedOnToolsVersion = 10.1;
						TestTargetID = 735004DA21AEBA85004E0CAC;
					};
					735004F921AEBA8B004E0CAC = {
						CreatedOnToolsVersion = 10.1;
						TestTargetID = 735004DA21AEBA85004E0CAC;
					};
				};
			};
			buildConfigurationList = 735004D621AEBA84004E0CAC /* Build configuration list for PBXProject "payconiq" */;
			compatibilityVersion = "Xcode 9.3";
			developmentRegion = en;
			hasScannedForEncodings = 0;
			knownRegions = (
				en,
				Base,
			);
			mainGroup = 735004D221AEBA84004E0CAC;
			productRefGroup = 735004DC21AEBA85004E0CAC /* Products */;
			projectDirPath = "";
			projectRoot = "";
			targets = (
				735004DA21AEBA85004E0CAC /* payconiq */,
				735004EE21AEBA8B004E0CAC /* payconiqTests */,
				735004F921AEBA8B004E0CAC /* payconiqUITests */,
			);
		};
/* End PBXProject section */

/* Begin PBXResourcesBuildPhase section */
		735004D921AEBA85004E0CAC /* Resources */ = {
			isa = PBXResourcesBuildPhase;
			buildActionMask = 2147483647;
			files = (
				735004E921AEBA8B004E0CAC /* LaunchScreen.storyboard in Resources */,
				735004E621AEBA8B004E0CAC /* Assets.xcassets in Resources */,
				73D7391721B16C4600D34993 /* README.md in Resources */,
				7350051121AEC9C6004E0CAC /* Main.storyboard in Resources */,
			);
			runOnlyForDeploymentPostprocessing = 0;
		};
		735004ED21AEBA8B004E0CAC /* Resources */ = {
			isa = PBXResourcesBuildPhase;
			buildActionMask = 2147483647;
			files = (
				735E46AA21B670A6006AAA74 /* transactions.json in Resources */,
			);
			runOnlyForDeploymentPostprocessing = 0;
		};
		735004F821AEBA8B004E0CAC /* Resources */ = {
			isa = PBXResourcesBuildPhase;
			buildActionMask = 2147483647;
			files = (
			);
			runOnlyForDeploymentPostprocessing = 0;
		};
/* End PBXResourcesBuildPhase section */

/* Begin PBXShellScriptBuildPhase section */
		3A5B1F685904425B352497D1 /* [CP] Check Pods Manifest.lock */ = {
			isa = PBXShellScriptBuildPhase;
			buildActionMask = 2147483647;
			files = (
			);
			inputFileListPaths = (
			);
			inputPaths = (
				"${PODS_PODFILE_DIR_PATH}/Podfile.lock",
				"${PODS_ROOT}/Manifest.lock",
			);
			name = "[CP] Check Pods Manifest.lock";
			outputFileListPaths = (
			);
			outputPaths = (
				"$(DERIVED_FILE_DIR)/Pods-payconiqUITests-checkManifestLockResult.txt",
			);
			runOnlyForDeploymentPostprocessing = 0;
			shellPath = /bin/sh;
			shellScript = "diff \"${PODS_PODFILE_DIR_PATH}/Podfile.lock\" \"${PODS_ROOT}/Manifest.lock\" > /dev/null\nif [ $? != 0 ] ; then\n    # print error to STDERR\n    echo \"error: The sandbox is not in sync with the Podfile.lock. Run 'pod install' or update your CocoaPods installation.\" >&2\n    exit 1\nfi\n# This output is used by Xcode 'outputs' to avoid re-running this script phase.\necho \"SUCCESS\" > \"${SCRIPT_OUTPUT_FILE_0}\"\n";
			showEnvVarsInLog = 0;
		};
		46E722518BFB6B85ADD027A3 /* [CP] Check Pods Manifest.lock */ = {
			isa = PBXShellScriptBuildPhase;
			buildActionMask = 2147483647;
			files = (
			);
			inputFileListPaths = (
			);
			inputPaths = (
				"${PODS_PODFILE_DIR_PATH}/Podfile.lock",
				"${PODS_ROOT}/Manifest.lock",
			);
			name = "[CP] Check Pods Manifest.lock";
			outputFileListPaths = (
			);
			outputPaths = (
				"$(DERIVED_FILE_DIR)/Pods-payconiqTests-checkManifestLockResult.txt",
			);
			runOnlyForDeploymentPostprocessing = 0;
			shellPath = /bin/sh;
			shellScript = "diff \"${PODS_PODFILE_DIR_PATH}/Podfile.lock\" \"${PODS_ROOT}/Manifest.lock\" > /dev/null\nif [ $? != 0 ] ; then\n    # print error to STDERR\n    echo \"error: The sandbox is not in sync with the Podfile.lock. Run 'pod install' or update your CocoaPods installation.\" >&2\n    exit 1\nfi\n# This output is used by Xcode 'outputs' to avoid re-running this script phase.\necho \"SUCCESS\" > \"${SCRIPT_OUTPUT_FILE_0}\"\n";
			showEnvVarsInLog = 0;
		};
		C66AE21C71B28A67C44267CA /* [CP] Embed Pods Frameworks */ = {
			isa = PBXShellScriptBuildPhase;
			buildActionMask = 2147483647;
			files = (
			);
			inputFileListPaths = (
			);
			inputPaths = (
				"${SRCROOT}/Pods/Target Support Files/Pods-payconiq/Pods-payconiq-frameworks.sh",
				"${BUILT_PRODUCTS_DIR}/Alamofire/Alamofire.framework",
				"${BUILT_PRODUCTS_DIR}/NVActivityIndicatorView/NVActivityIndicatorView.framework",
			);
			name = "[CP] Embed Pods Frameworks";
			outputFileListPaths = (
			);
			outputPaths = (
				"${TARGET_BUILD_DIR}/${FRAMEWORKS_FOLDER_PATH}/Alamofire.framework",
				"${TARGET_BUILD_DIR}/${FRAMEWORKS_FOLDER_PATH}/NVActivityIndicatorView.framework",
			);
			runOnlyForDeploymentPostprocessing = 0;
			shellPath = /bin/sh;
			shellScript = "\"${SRCROOT}/Pods/Target Support Files/Pods-payconiq/Pods-payconiq-frameworks.sh\"\n";
			showEnvVarsInLog = 0;
		};
		D1065BCC41CD60D32EE5E814 /* [CP] Check Pods Manifest.lock */ = {
			isa = PBXShellScriptBuildPhase;
			buildActionMask = 2147483647;
			files = (
			);
			inputFileListPaths = (
			);
			inputPaths = (
				"${PODS_PODFILE_DIR_PATH}/Podfile.lock",
				"${PODS_ROOT}/Manifest.lock",
			);
			name = "[CP] Check Pods Manifest.lock";
			outputFileListPaths = (
			);
			outputPaths = (
				"$(DERIVED_FILE_DIR)/Pods-payconiq-checkManifestLockResult.txt",
			);
			runOnlyForDeploymentPostprocessing = 0;
			shellPath = /bin/sh;
			shellScript = "diff \"${PODS_PODFILE_DIR_PATH}/Podfile.lock\" \"${PODS_ROOT}/Manifest.lock\" > /dev/null\nif [ $? != 0 ] ; then\n    # print error to STDERR\n    echo \"error: The sandbox is not in sync with the Podfile.lock. Run 'pod install' or update your CocoaPods installation.\" >&2\n    exit 1\nfi\n# This output is used by Xcode 'outputs' to avoid re-running this script phase.\necho \"SUCCESS\" > \"${SCRIPT_OUTPUT_FILE_0}\"\n";
			showEnvVarsInLog = 0;
		};
/* End PBXShellScriptBuildPhase section */

/* Begin PBXSourcesBuildPhase section */
		735004D721AEBA85004E0CAC /* Sources */ = {
			isa = PBXSourcesBuildPhase;
			buildActionMask = 2147483647;
			files = (
				73D7390F21B138C300D34993 /* ListTransactionTableViewCell.swift in Sources */,
				7350052221AF0831004E0CAC /* Transaction.swift in Sources */,
				735E46A521B595B7006AAA74 /* StoryboardConstants.swift in Sources */,
				7350051B21AEEB56004E0CAC /* NetworkConstants.swift in Sources */,
				7350051821AEEAFC004E0CAC /* NetworkFetchable.swift in Sources */,
				73D3584021B29F8D00573D26 /* User.swift in Sources */,
				73D3583921B29AD000573D26 /* UserDetailsViewController.swift in Sources */,
				73D7390821B055FD00D34993 /* AlertDisplayable.swift in Sources */,
				735E469D21B43C80006AAA74 /* MapViewController.swift in Sources */,
				73D7391221B156BF00D34993 /* MapKitSnapshotImage.swift in Sources */,
				73D3584221B2B9B000573D26 /* Date+Extensions.swift in Sources */,
				73D7390B21B05B3300D34993 /* String+Extensions.swift in Sources */,
				735E469F21B51FF2006AAA74 /* MapViewModel.swift in Sources */,
				7350051D21AEEC2F004E0CAC /* ErrorMessagesConstants.swift in Sources */,
				73D7391B21B174FF00D34993 /* ColorConstants.swift in Sources */,
				735004DF21AEBA85004E0CAC /* AppDelegate.swift in Sources */,
				73D3584421B3FCD800573D26 /* ListTransactionExpandedTableViewCell.swift in Sources */,
				7350051621AEEABE004E0CAC /* ListTransactionsViewModel.swift in Sources */,
				73D3583D21B29F5E00573D26 /* UserDetailViewModel.swift in Sources */,
				73D7391521B1690200D34993 /* PayconiqUtilities.swift in Sources */,
				7350051321AECA34004E0CAC /* ListTransactionsViewController.swift in Sources */,
				735E46A321B551D9006AAA74 /* UIStoryboard+Extension.swift in Sources */,
			);
			runOnlyForDeploymentPostprocessing = 0;
		};
		735004EB21AEBA8B004E0CAC /* Sources */ = {
			isa = PBXSourcesBuildPhase;
			buildActionMask = 2147483647;
			files = (
				735E46A721B5B42A006AAA74 /* LIstTransactionTests.swift in Sources */,
				735E46AC21B67FBE006AAA74 /* UserDetailTests.swift in Sources */,
			);
			runOnlyForDeploymentPostprocessing = 0;
		};
		735004F621AEBA8B004E0CAC /* Sources */ = {
			isa = PBXSourcesBuildPhase;
			buildActionMask = 2147483647;
			files = (
				735004FF21AEBA8B004E0CAC /* payconiqUITests.swift in Sources */,
			);
			runOnlyForDeploymentPostprocessing = 0;
		};
/* End PBXSourcesBuildPhase section */

/* Begin PBXTargetDependency section */
		735004F121AEBA8B004E0CAC /* PBXTargetDependency */ = {
			isa = PBXTargetDependency;
			target = 735004DA21AEBA85004E0CAC /* payconiq */;
			targetProxy = 735004F021AEBA8B004E0CAC /* PBXContainerItemProxy */;
		};
		735004FC21AEBA8B004E0CAC /* PBXTargetDependency */ = {
			isa = PBXTargetDependency;
			target = 735004DA21AEBA85004E0CAC /* payconiq */;
			targetProxy = 735004FB21AEBA8B004E0CAC /* PBXContainerItemProxy */;
		};
/* End PBXTargetDependency section */

/* Begin PBXVariantGroup section */
		735004E721AEBA8B004E0CAC /* LaunchScreen.storyboard */ = {
			isa = PBXVariantGroup;
			children = (
				735004E821AEBA8B004E0CAC /* Base */,
			);
			name = LaunchScreen.storyboard;
			sourceTree = "<group>";
		};
/* End PBXVariantGroup section */

/* Begin XCBuildConfiguration section */
		7350050121AEBA8B004E0CAC /* Debug */ = {
			isa = XCBuildConfiguration;
			buildSettings = {
				ALWAYS_SEARCH_USER_PATHS = NO;
				CLANG_ANALYZER_NONNULL = YES;
				CLANG_ANALYZER_NUMBER_OBJECT_CONVERSION = YES_AGGRESSIVE;
				CLANG_CXX_LANGUAGE_STANDARD = "gnu++14";
				CLANG_CXX_LIBRARY = "libc++";
				CLANG_ENABLE_MODULES = YES;
				CLANG_ENABLE_OBJC_ARC = YES;
				CLANG_ENABLE_OBJC_WEAK = YES;
				CLANG_WARN_BLOCK_CAPTURE_AUTORELEASING = YES;
				CLANG_WARN_BOOL_CONVERSION = YES;
				CLANG_WARN_COMMA = YES;
				CLANG_WARN_CONSTANT_CONVERSION = YES;
				CLANG_WARN_DEPRECATED_OBJC_IMPLEMENTATIONS = YES;
				CLANG_WARN_DIRECT_OBJC_ISA_USAGE = YES_ERROR;
				CLANG_WARN_DOCUMENTATION_COMMENTS = YES;
				CLANG_WARN_EMPTY_BODY = YES;
				CLANG_WARN_ENUM_CONVERSION = YES;
				CLANG_WARN_INFINITE_RECURSION = YES;
				CLANG_WARN_INT_CONVERSION = YES;
				CLANG_WARN_NON_LITERAL_NULL_CONVERSION = YES;
				CLANG_WARN_OBJC_IMPLICIT_RETAIN_SELF = YES;
				CLANG_WARN_OBJC_LITERAL_CONVERSION = YES;
				CLANG_WARN_OBJC_ROOT_CLASS = YES_ERROR;
				CLANG_WARN_RANGE_LOOP_ANALYSIS = YES;
				CLANG_WARN_STRICT_PROTOTYPES = YES;
				CLANG_WARN_SUSPICIOUS_MOVE = YES;
				CLANG_WARN_UNGUARDED_AVAILABILITY = YES_AGGRESSIVE;
				CLANG_WARN_UNREACHABLE_CODE = YES;
				CLANG_WARN__DUPLICATE_METHOD_MATCH = YES;
				CODE_SIGN_IDENTITY = "iPhone Developer";
				COPY_PHASE_STRIP = NO;
				DEBUG_INFORMATION_FORMAT = dwarf;
				ENABLE_STRICT_OBJC_MSGSEND = YES;
				ENABLE_TESTABILITY = YES;
				GCC_C_LANGUAGE_STANDARD = gnu11;
				GCC_DYNAMIC_NO_PIC = NO;
				GCC_NO_COMMON_BLOCKS = YES;
				GCC_OPTIMIZATION_LEVEL = 0;
				GCC_PREPROCESSOR_DEFINITIONS = (
					"DEBUG=1",
					"$(inherited)",
				);
				GCC_WARN_64_TO_32_BIT_CONVERSION = YES;
				GCC_WARN_ABOUT_RETURN_TYPE = YES_ERROR;
				GCC_WARN_UNDECLARED_SELECTOR = YES;
				GCC_WARN_UNINITIALIZED_AUTOS = YES_AGGRESSIVE;
				GCC_WARN_UNUSED_FUNCTION = YES;
				GCC_WARN_UNUSED_VARIABLE = YES;
				IPHONEOS_DEPLOYMENT_TARGET = 12.1;
				MTL_ENABLE_DEBUG_INFO = INCLUDE_SOURCE;
				MTL_FAST_MATH = YES;
				ONLY_ACTIVE_ARCH = YES;
				SDKROOT = iphoneos;
				SWIFT_ACTIVE_COMPILATION_CONDITIONS = DEBUG;
				SWIFT_OPTIMIZATION_LEVEL = "-Onone";
			};
			name = Debug;
		};
		7350050221AEBA8B004E0CAC /* Release */ = {
			isa = XCBuildConfiguration;
			buildSettings = {
				ALWAYS_SEARCH_USER_PATHS = NO;
				CLANG_ANALYZER_NONNULL = YES;
				CLANG_ANALYZER_NUMBER_OBJECT_CONVERSION = YES_AGGRESSIVE;
				CLANG_CXX_LANGUAGE_STANDARD = "gnu++14";
				CLANG_CXX_LIBRARY = "libc++";
				CLANG_ENABLE_MODULES = YES;
				CLANG_ENABLE_OBJC_ARC = YES;
				CLANG_ENABLE_OBJC_WEAK = YES;
				CLANG_WARN_BLOCK_CAPTURE_AUTORELEASING = YES;
				CLANG_WARN_BOOL_CONVERSION = YES;
				CLANG_WARN_COMMA = YES;
				CLANG_WARN_CONSTANT_CONVERSION = YES;
				CLANG_WARN_DEPRECATED_OBJC_IMPLEMENTATIONS = YES;
				CLANG_WARN_DIRECT_OBJC_ISA_USAGE = YES_ERROR;
				CLANG_WARN_DOCUMENTATION_COMMENTS = YES;
				CLANG_WARN_EMPTY_BODY = YES;
				CLANG_WARN_ENUM_CONVERSION = YES;
				CLANG_WARN_INFINITE_RECURSION = YES;
				CLANG_WARN_INT_CONVERSION = YES;
				CLANG_WARN_NON_LITERAL_NULL_CONVERSION = YES;
				CLANG_WARN_OBJC_IMPLICIT_RETAIN_SELF = YES;
				CLANG_WARN_OBJC_LITERAL_CONVERSION = YES;
				CLANG_WARN_OBJC_ROOT_CLASS = YES_ERROR;
				CLANG_WARN_RANGE_LOOP_ANALYSIS = YES;
				CLANG_WARN_STRICT_PROTOTYPES = YES;
				CLANG_WARN_SUSPICIOUS_MOVE = YES;
				CLANG_WARN_UNGUARDED_AVAILABILITY = YES_AGGRESSIVE;
				CLANG_WARN_UNREACHABLE_CODE = YES;
				CLANG_WARN__DUPLICATE_METHOD_MATCH = YES;
				CODE_SIGN_IDENTITY = "iPhone Developer";
				COPY_PHASE_STRIP = NO;
				DEBUG_INFORMATION_FORMAT = "dwarf-with-dsym";
				ENABLE_NS_ASSERTIONS = NO;
				ENABLE_STRICT_OBJC_MSGSEND = YES;
				GCC_C_LANGUAGE_STANDARD = gnu11;
				GCC_NO_COMMON_BLOCKS = YES;
				GCC_WARN_64_TO_32_BIT_CONVERSION = YES;
				GCC_WARN_ABOUT_RETURN_TYPE = YES_ERROR;
				GCC_WARN_UNDECLARED_SELECTOR = YES;
				GCC_WARN_UNINITIALIZED_AUTOS = YES_AGGRESSIVE;
				GCC_WARN_UNUSED_FUNCTION = YES;
				GCC_WARN_UNUSED_VARIABLE = YES;
				IPHONEOS_DEPLOYMENT_TARGET = 12.1;
				MTL_ENABLE_DEBUG_INFO = NO;
				MTL_FAST_MATH = YES;
				SDKROOT = iphoneos;
				SWIFT_COMPILATION_MODE = wholemodule;
				SWIFT_OPTIMIZATION_LEVEL = "-O";
				VALIDATE_PRODUCT = YES;
			};
			name = Release;
		};
		7350050421AEBA8B004E0CAC /* Debug */ = {
			isa = XCBuildConfiguration;
			baseConfigurationReference = A961038B82F9EBEC56422548 /* Pods-payconiq.debug.xcconfig */;
			buildSettings = {
				ASSETCATALOG_COMPILER_APPICON_NAME = AppIcon;
				CODE_SIGN_STYLE = Automatic;
				DEVELOPMENT_TEAM = "";
				INFOPLIST_FILE = payconiq/Info.plist;
				IPHONEOS_DEPLOYMENT_TARGET = 12.0;
				LD_RUNPATH_SEARCH_PATHS = (
					"$(inherited)",
					"@executable_path/Frameworks",
				);
				PRODUCT_BUNDLE_IDENTIFIER = com.asifjunaid.payconiq;
				PRODUCT_NAME = "$(TARGET_NAME)";
				SWIFT_VERSION = 4.2;
				TARGETED_DEVICE_FAMILY = "1,2";
			};
			name = Debug;
		};
		7350050521AEBA8B004E0CAC /* Release */ = {
			isa = XCBuildConfiguration;
			baseConfigurationReference = E82A81EF2660443B0F828103 /* Pods-payconiq.release.xcconfig */;
			buildSettings = {
				ASSETCATALOG_COMPILER_APPICON_NAME = AppIcon;
				CODE_SIGN_STYLE = Automatic;
				DEVELOPMENT_TEAM = "";
				INFOPLIST_FILE = payconiq/Info.plist;
				IPHONEOS_DEPLOYMENT_TARGET = 12.0;
				LD_RUNPATH_SEARCH_PATHS = (
					"$(inherited)",
					"@executable_path/Frameworks",
				);
				PRODUCT_BUNDLE_IDENTIFIER = com.asifjunaid.payconiq;
				PRODUCT_NAME = "$(TARGET_NAME)";
				SWIFT_VERSION = 4.2;
				TARGETED_DEVICE_FAMILY = "1,2";
			};
			name = Release;
		};
		7350050721AEBA8B004E0CAC /* Debug */ = {
			isa = XCBuildConfiguration;
			baseConfigurationReference = AFCB6C80679E79E77F686EA6 /* Pods-payconiqTests.debug.xcconfig */;
			buildSettings = {
				ALWAYS_EMBED_SWIFT_STANDARD_LIBRARIES = YES;
				BUNDLE_LOADER = "$(TEST_HOST)";
				CODE_SIGN_STYLE = Automatic;
				INFOPLIST_FILE = payconiqTests/Info.plist;
				LD_RUNPATH_SEARCH_PATHS = (
					"$(inherited)",
					"@executable_path/Frameworks",
					"@loader_path/Frameworks",
				);
				PRODUCT_BUNDLE_IDENTIFIER = com.asifjunaid.payconiqTests;
				PRODUCT_NAME = "$(TARGET_NAME)";
				SWIFT_VERSION = 4.2;
				TARGETED_DEVICE_FAMILY = "1,2";
				TEST_HOST = "$(BUILT_PRODUCTS_DIR)/payconiq.app/payconiq";
			};
			name = Debug;
		};
		7350050821AEBA8B004E0CAC /* Release */ = {
			isa = XCBuildConfiguration;
			baseConfigurationReference = BE387191F4B57E6C9576A6C5 /* Pods-payconiqTests.release.xcconfig */;
			buildSettings = {
				ALWAYS_EMBED_SWIFT_STANDARD_LIBRARIES = YES;
				BUNDLE_LOADER = "$(TEST_HOST)";
				CODE_SIGN_STYLE = Automatic;
				INFOPLIST_FILE = payconiqTests/Info.plist;
				LD_RUNPATH_SEARCH_PATHS = (
					"$(inherited)",
					"@executable_path/Frameworks",
					"@loader_path/Frameworks",
				);
				PRODUCT_BUNDLE_IDENTIFIER = com.asifjunaid.payconiqTests;
				PRODUCT_NAME = "$(TARGET_NAME)";
				SWIFT_VERSION = 4.2;
				TARGETED_DEVICE_FAMILY = "1,2";
				TEST_HOST = "$(BUILT_PRODUCTS_DIR)/payconiq.app/payconiq";
			};
			name = Release;
		};
		7350050A21AEBA8B004E0CAC /* Debug */ = {
			isa = XCBuildConfiguration;
			baseConfigurationReference = 5F78DD5654DAD2E1512E06D4 /* Pods-payconiqUITests.debug.xcconfig */;
			buildSettings = {
				ALWAYS_EMBED_SWIFT_STANDARD_LIBRARIES = YES;
				CODE_SIGN_STYLE = Automatic;
				INFOPLIST_FILE = payconiqUITests/Info.plist;
				LD_RUNPATH_SEARCH_PATHS = (
					"$(inherited)",
					"@executable_path/Frameworks",
					"@loader_path/Frameworks",
				);
				PRODUCT_BUNDLE_IDENTIFIER = com.asifjunaid.payconiqUITests;
				PRODUCT_NAME = "$(TARGET_NAME)";
				SWIFT_VERSION = 4.2;
				TARGETED_DEVICE_FAMILY = "1,2";
				TEST_TARGET_NAME = payconiq;
			};
			name = Debug;
		};
		7350050B21AEBA8B004E0CAC /* Release */ = {
			isa = XCBuildConfiguration;
			baseConfigurationReference = 89844470ACA34D129B060C0A /* Pods-payconiqUITests.release.xcconfig */;
			buildSettings = {
				ALWAYS_EMBED_SWIFT_STANDARD_LIBRARIES = YES;
				CODE_SIGN_STYLE = Automatic;
				INFOPLIST_FILE = payconiqUITests/Info.plist;
				LD_RUNPATH_SEARCH_PATHS = (
					"$(inherited)",
					"@executable_path/Frameworks",
					"@loader_path/Frameworks",
				);
				PRODUCT_BUNDLE_IDENTIFIER = com.asifjunaid.payconiqUITests;
				PRODUCT_NAME = "$(TARGET_NAME)";
				SWIFT_VERSION = 4.2;
				TARGETED_DEVICE_FAMILY = "1,2";
				TEST_TARGET_NAME = payconiq;
			};
			name = Release;
		};
/* End XCBuildConfiguration section */

/* Begin XCConfigurationList section */
		735004D621AEBA84004E0CAC /* Build configuration list for PBXProject "payconiq" */ = {
			isa = XCConfigurationList;
			buildConfigurations = (
				7350050121AEBA8B004E0CAC /* Debug */,
				7350050221AEBA8B004E0CAC /* Release */,
			);
			defaultConfigurationIsVisible = 0;
			defaultConfigurationName = Release;
		};
		7350050321AEBA8B004E0CAC /* Build configuration list for PBXNativeTarget "payconiq" */ = {
			isa = XCConfigurationList;
			buildConfigurations = (
				7350050421AEBA8B004E0CAC /* Debug */,
				7350050521AEBA8B004E0CAC /* Release */,
			);
			defaultConfigurationIsVisible = 0;
			defaultConfigurationName = Release;
		};
		7350050621AEBA8B004E0CAC /* Build configuration list for PBXNativeTarget "payconiqTests" */ = {
			isa = XCConfigurationList;
			buildConfigurations = (
				7350050721AEBA8B004E0CAC /* Debug */,
				7350050821AEBA8B004E0CAC /* Release */,
			);
			defaultConfigurationIsVisible = 0;
			defaultConfigurationName = Release;
		};
		7350050921AEBA8B004E0CAC /* Build configuration list for PBXNativeTarget "payconiqUITests" */ = {
			isa = XCConfigurationList;
			buildConfigurations = (
				7350050A21AEBA8B004E0CAC /* Debug */,
				7350050B21AEBA8B004E0CAC /* Release */,
			);
			defaultConfigurationIsVisible = 0;
			defaultConfigurationName = Release;
		};
/* End XCConfigurationList section */
	};
	rootObject = 735004D321AEBA84004E0CAC /* Project object */;
}
